[root]
name = "extrautils"
version = "0.1.0"
dependencies = [
 "extra 0.1.0 (git+https://github.com/redox-os/libextra.git)",
 "libflate 0.1.10 (registry+https://github.com/rust-lang/crates.io-index)",
 "pager 0.1.0 (git+https://github.com/redox-os/libpager.git)",
 "raw-cpuid 2.0.2 (registry+https://github.com/rust-lang/crates.io-index)",
 "redox_syscall 0.1.28 (registry+https://github.com/rust-lang/crates.io-index)",
 "tar 0.4.13 (git+https://github.com/redox-os/tar-rs.git)",
 "termion 1.4.0 (git+https://github.com/redox-os/termion.git)",
]

[[package]]
name = "adler32"
version = "1.0.0"
source = "registry+https://github.com/rust-lang/crates.io-index"

[[package]]
name = "bitflags"
version = "0.7.0"
source = "registry+https://github.com/rust-lang/crates.io-index"

[[package]]
name = "byteorder"
version = "1.1.0"
source = "registry+https://github.com/rust-lang/crates.io-index"

[[package]]
name = "extra"
version = "0.1.0"
source = "git+https://github.com/redox-os/libextra.git#402932084acd5fef4812945887ceaaa2ddd5f264"

[[package]]
name = "libc"
version = "0.2.28"
source = "registry+https://github.com/rust-lang/crates.io-index"

[[package]]
name = "libflate"
version = "0.1.10"
source = "registry+https://github.com/rust-lang/crates.io-index"
dependencies = [
 "adler32 1.0.0 (registry+https://github.com/rust-lang/crates.io-index)",
 "byteorder 1.1.0 (registry+https://github.com/rust-lang/crates.io-index)",
]

[[package]]
name = "pager"
version = "0.1.0"
source = "git+https://github.com/redox-os/libpager.git#62b01eba8299143a1a5a78b36d85ab63251462b3"
dependencies = [
 "termion 1.5.0 (registry+https://github.com/rust-lang/crates.io-index)",
]

[[package]]
name = "raw-cpuid"
version = "2.0.2"
source = "registry+https://github.com/rust-lang/crates.io-index"
dependencies = [
 "bitflags 0.7.0 (registry+https://github.com/rust-lang/crates.io-index)",
]

[[package]]
name = "redox_syscall"
version = "0.1.28"
source = "registry+https://github.com/rust-lang/crates.io-index"

[[package]]
name = "redox_termios"
version = "0.1.0"
source = "registry+https://github.com/rust-lang/crates.io-index"
dependencies = [
 "redox_syscall 0.1.28 (registry+https://github.com/rust-lang/crates.io-index)",
]

[[package]]
name = "tar"
version = "0.4.13"
source = "git+https://github.com/redox-os/tar-rs.git#b71c22029efc76611016fc4962f29afbe6d44bed"
dependencies = [
 "libc 0.2.28 (registry+https://github.com/rust-lang/crates.io-index)",
 "xattr 0.1.11 (registry+https://github.com/rust-lang/crates.io-index)",
]

[[package]]
name = "termion"
version = "1.4.0"
source = "git+https://github.com/redox-os/termion.git#63d2464aba93ac8ec0118255e9a41debcb809c1f"
dependencies = [
 "libc 0.2.28 (registry+https://github.com/rust-lang/crates.io-index)",
 "redox_syscall 0.1.28 (registry+https://github.com/rust-lang/crates.io-index)",
 "redox_termios 0.1.0 (registry+https://github.com/rust-lang/crates.io-index)",
]

[[package]]
name = "termion"
version = "1.5.0"
source = "registry+https://github.com/rust-lang/crates.io-index"
dependencies = [
 "libc 0.2.28 (registry+https://github.com/rust-lang/crates.io-index)",
 "redox_syscall 0.1.28 (registry+https://github.com/rust-lang/crates.io-index)",
 "redox_termios 0.1.0 (registry+https://github.com/rust-lang/crates.io-index)",
]

[[package]]
name = "xattr"
version = "0.1.11"
source = "registry+https://github.com/rust-lang/crates.io-index"
dependencies = [
 "libc 0.2.28 (registry+https://github.com/rust-lang/crates.io-index)",
]

[metadata]
"checksum adler32 1.0.0 (registry+https://github.com/rust-lang/crates.io-index)" = "3ff33fe13a08dbce05bcefa2c68eea4844941437e33d6f808240b54d7157b9cd"
"checksum bitflags 0.7.0 (registry+https://github.com/rust-lang/crates.io-index)" = "aad18937a628ec6abcd26d1489012cc0e18c21798210f491af69ded9b881106d"
"checksum byteorder 1.1.0 (registry+https://github.com/rust-lang/crates.io-index)" = "ff81738b726f5d099632ceaffe7fb65b90212e8dce59d518729e7e8634032d3d"
"checksum extra 0.1.0 (git+https://github.com/redox-os/libextra.git)" = "<none>"
"checksum libc 0.2.28 (registry+https://github.com/rust-lang/crates.io-index)" = "bb7b49972ee23d8aa1026c365a5b440ba08e35075f18c459980c7395c221ec48"
"checksum libflate 0.1.10 (registry+https://github.com/rust-lang/crates.io-index)" = "bb9e5c68bd981985afa70d22a81f339bb0ea8a071760e99894d6d393417e4a29"
"checksum pager 0.1.0 (git+https://github.com/redox-os/libpager.git)" = "<none>"
"checksum raw-cpuid 2.0.2 (registry+https://github.com/rust-lang/crates.io-index)" = "13b844e4049605ff38fed943f5c7b2c691fad68d9d5bf074d2720554c4e48246"
"checksum redox_syscall 0.1.28 (registry+https://github.com/rust-lang/crates.io-index)" = "ddab7acd8e7bf3e49dfdf78ac1209b992329eb2f66e0bf672ab49c70a76d1d68"
"checksum redox_termios 0.1.0 (registry+https://github.com/rust-lang/crates.io-index)" = "bc495930de8d330f14856cface52561b7d79a072c76e438cf8f34d7233a35fa7"
"checksum tar 0.4.13 (git+https://github.com/redox-os/tar-rs.git)" = "<none>"
"checksum termion 1.4.0 (git+https://github.com/redox-os/termion.git)" = "<none>"
"checksum termion 1.5.0 (registry+https://github.com/rust-lang/crates.io-index)" = "8affd752d0f2c7127d6d5f1b98182a5471606b48b1a955165d39eb5e4887ceba"
"checksum xattr 0.1.11 (registry+https://github.com/rust-lang/crates.io-index)" = "5f04de8a1346489a2f9e9bd8526b73d135ec554227b17568456e86aa35b6f3fc"
