[root]
name = "extrautils"
version = "0.1.0"
dependencies = [
 "extra 0.1.0 (git+https://github.com/redox-os/libextra.git)",
 "libflate 0.1.10 (registry+https://github.com/rust-lang/crates.io-index)",
 "pager 0.1.0 (git+https://github.com/redox-os/libpager.git)",
 "raw-cpuid 2.0.2 (registry+https://github.com/rust-lang/crates.io-index)",
 "redox_syscall 0.1.29 (registry+https://github.com/rust-lang/crates.io-index)",
 "tar 0.4.13 (git+https://github.com/redox-os/tar-rs.git)",
 "termion 1.5.0 (git+https://github.com/redox-os/termion.git?branch=redox_termios)",
]

[[package]]
name = "adler32"
version = "1.0.0"
source = "registry+https://github.com/rust-lang/crates.io-index"

[[package]]
name = "bitflags"
version = "0.7.0"
source = "registry+https://github.com/rust-lang/crates.io-index"

[[package]]
name = "byteorder"
version = "1.1.0"
source = "registry+https://github.com/rust-lang/crates.io-index"

[[package]]
name = "extra"
version = "0.1.0"
source = "git+https://github.com/redox-os/libextra.git#402932084acd5fef4812945887ceaaa2ddd5f264"

[[package]]
name = "libc"
version = "0.2.29"
source = "registry+https://github.com/rust-lang/crates.io-index"

[[package]]
name = "libflate"
version = "0.1.10"
source = "registry+https://github.com/rust-lang/crates.io-index"
dependencies = [
 "adler32 1.0.0 (registry+https://github.com/rust-lang/crates.io-index)",
 "byteorder 1.1.0 (registry+https://github.com/rust-lang/crates.io-index)",
]

[[package]]
name = "pager"
version = "0.1.0"
source = "git+https://github.com/redox-os/libpager.git#62b01eba8299143a1a5a78b36d85ab63251462b3"
dependencies = [
 "termion 1.5.0 (registry+https://github.com/rust-lang/crates.io-index)",
]

[[package]]
name = "raw-cpuid"
version = "2.0.2"
source = "registry+https://github.com/rust-lang/crates.io-index"
dependencies = [
 "bitflags 0.7.0 (registry+https://github.com/rust-lang/crates.io-index)",
]

[[package]]
name = "redox_syscall"
version = "0.1.29"
source = "registry+https://github.com/rust-lang/crates.io-index"

[[package]]
name = "redox_termios"
version = "0.1.1"
source = "registry+https://github.com/rust-lang/crates.io-index"
dependencies = [
 "redox_syscall 0.1.29 (registry+https://github.com/rust-lang/crates.io-index)",
]

[[package]]
name = "tar"
version = "0.4.13"
source = "git+https://github.com/redox-os/tar-rs.git#b71c22029efc76611016fc4962f29afbe6d44bed"
dependencies = [
 "libc 0.2.29 (registry+https://github.com/rust-lang/crates.io-index)",
 "xattr 0.1.11 (registry+https://github.com/rust-lang/crates.io-index)",
]

[[package]]
name = "termion"
version = "1.5.0"
source = "git+https://github.com/redox-os/termion.git?branch=redox_termios#18e589b9d92e8f93ae75475389e234bbe5deb109"
dependencies = [
 "libc 0.2.29 (registry+https://github.com/rust-lang/crates.io-index)",
 "redox_syscall 0.1.29 (registry+https://github.com/rust-lang/crates.io-index)",
 "redox_termios 0.1.1 (registry+https://github.com/rust-lang/crates.io-index)",
]

[[package]]
name = "termion"
version = "1.5.0"
source = "registry+https://github.com/rust-lang/crates.io-index"
dependencies = [
 "libc 0.2.29 (registry+https://github.com/rust-lang/crates.io-index)",
 "redox_syscall 0.1.29 (registry+https://github.com/rust-lang/crates.io-index)",
 "redox_termios 0.1.1 (registry+https://github.com/rust-lang/crates.io-index)",
]

[[package]]
name = "xattr"
version = "0.1.11"
source = "registry+https://github.com/rust-lang/crates.io-index"
dependencies = [
 "libc 0.2.29 (registry+https://github.com/rust-lang/crates.io-index)",
]

[metadata]
"checksum adler32 1.0.0 (registry+https://github.com/rust-lang/crates.io-index)" = "3ff33fe13a08dbce05bcefa2c68eea4844941437e33d6f808240b54d7157b9cd"
"checksum bitflags 0.7.0 (registry+https://github.com/rust-lang/crates.io-index)" = "aad18937a628ec6abcd26d1489012cc0e18c21798210f491af69ded9b881106d"
"checksum byteorder 1.1.0 (registry+https://github.com/rust-lang/crates.io-index)" = "ff81738b726f5d099632ceaffe7fb65b90212e8dce59d518729e7e8634032d3d"
"checksum extra 0.1.0 (git+https://github.com/redox-os/libextra.git)" = "<none>"
"checksum libc 0.2.29 (registry+https://github.com/rust-lang/crates.io-index)" = "8a014d9226c2cc402676fbe9ea2e15dd5222cd1dd57f576b5b283178c944a264"
"checksum libflate 0.1.10 (registry+https://github.com/rust-lang/crates.io-index)" = "bb9e5c68bd981985afa70d22a81f339bb0ea8a071760e99894d6d393417e4a29"
"checksum pager 0.1.0 (git+https://github.com/redox-os/libpager.git)" = "<none>"
"checksum raw-cpuid 2.0.2 (registry+https://github.com/rust-lang/crates.io-index)" = "13b844e4049605ff38fed943f5c7b2c691fad68d9d5bf074d2720554c4e48246"
"checksum redox_syscall 0.1.29 (registry+https://github.com/rust-lang/crates.io-index)" = "3c9309631a35303bffb47e397198e3668cb544fe8834cd3da2a744441e70e524"
"checksum redox_termios 0.1.1 (registry+https://github.com/rust-lang/crates.io-index)" = "7e891cfe48e9100a70a3b6eb652fef28920c117d366339687bd5576160db0f76"
"checksum tar 0.4.13 (git+https://github.com/redox-os/tar-rs.git)" = "<none>"
"checksum termion 1.5.0 (git+https://github.com/redox-os/termion.git?branch=redox_termios)" = "<none>"
"checksum termion 1.5.0 (registry+https://github.com/rust-lang/crates.io-index)" = "8affd752d0f2c7127d6d5f1b98182a5471606b48b1a955165d39eb5e4887ceba"
"checksum xattr 0.1.11 (registry+https://github.com/rust-lang/crates.io-index)" = "5f04de8a1346489a2f9e9bd8526b73d135ec554227b17568456e86aa35b6f3fc"
